
Microsoft Visual Studio Solution File, Format Version 12.00
# Visual Studio Version 16
VisualStudioVersion = 16.0.29102.190
MinimumVisualStudioVersion = 10.0.40219.1
Project("{FAE04EC0-301F-11D3-BF4B-00C04F79EFBC}") = "My_Blog", "My_Blog\My_Blog.csproj", "{E16FDD6E-B338-4068-A259-073A58A27C90}"
EndProject
Global
	GlobalSection(SolutionConfigurationPlatforms) = preSolution
		Debug|Any CPU = Debug|Any CPU
		Release|Any CPU = Release|Any CPU
	EndGlobalSection
	GlobalSection(ProjectConfigurationPlatforms) = postSolution
		{E16FDD6E-B338-4068-A259-073A58A27C90}.Debug|Any CPU.ActiveCfg = Debug|Any CPU
		{E16FDD6E-B338-4068-A259-073A58A27C90}.Debug|Any CPU.Build.0 = Debug|Any CPU
		{E16FDD6E-B338-4068-A259-073A58A27C90}.Release|Any CPU.ActiveCfg = Release|Any CPU
		{E16FDD6E-B338-4068-A259-073A58A27C90}.Release|Any CPU.Build.0 = Release|Any CPU
	EndGlobalSection
	GlobalSection(SolutionProperties) = preSolution
		HideSolutionNode = FALSE
	EndGlobalSection
	GlobalSection(ExtensibilityGlobals) = postSolution
		SolutionGuid = {C8D71C33-AF9B-4DF0-9194-CCDFD0F0B26D}
	EndGlobalSection
EndGlobal
